
Microsoft Visual Studio Solution File, Format Version 12.00
# Visual Studio Version 16
VisualStudioVersion = 16.0.30907.101
MinimumVisualStudioVersion = 10.0.40219.1
Project("{FAE04EC0-301F-11D3-BF4B-00C04F79EFBC}") = "PlanetOOP", "PlanetOOP\PlanetOOP.csproj", "{1735FA6E-1D30-43BA-A4E6-8F48CB827D64}"
EndProject
Global
	GlobalSection(SolutionConfigurationPlatforms) = preSolution
		Debug|Any CPU = Debug|Any CPU
		Release|Any CPU = Release|Any CPU
	EndGlobalSection
	GlobalSection(ProjectConfigurationPlatforms) = postSolution
		{1735FA6E-1D30-43BA-A4E6-8F48CB827D64}.Debug|Any CPU.ActiveCfg = Debug|Any CPU
		{1735FA6E-1D30-43BA-A4E6-8F48CB827D64}.Debug|Any CPU.Build.0 = Debug|Any CPU
		{1735FA6E-1D30-43BA-A4E6-8F48CB827D64}.Release|Any CPU.ActiveCfg = Release|Any CPU
		{1735FA6E-1D30-43BA-A4E6-8F48CB827D64}.Release|Any CPU.Build.0 = Release|Any CPU
	EndGlobalSection
	GlobalSection(SolutionProperties) = preSolution
		HideSolutionNode = FALSE
	EndGlobalSection
	GlobalSection(ExtensibilityGlobals) = postSolution
		SolutionGuid = {088D854B-9933-44DE-B585-9EB3827A844B}
	EndGlobalSection
EndGlobal
